{
  "version": 4,
  "terraform_version": "1.6.2",
  "serial": 48,
  "lineage": "0210cb7f-7e55-59ab-3934-84f56d98deb4",
  "outputs": {
    "instance_ip": {
      "value": "34.207.164.51",
      "type": "string"
    }
  },
  "resources": [
    {
      "mode": "data",
      "type": "template_file",
      "name": "install_script",
      "provider": "provider[\"registry.terraform.io/hashicorp/template\"]",
      "instances": [
        {
          "schema_version": 0,
          "attributes": {
            "filename": null,
            "id": "0ff25807958790247e99398f1485d96904c88cc76eea46a2ce924b869d6b1687",
            "rendered": "#!/bin/bash \nsudo yum update -y\n\n# install git\nsudo yum install git -y\n\n# install java 11 corretto\nsudo dnf install java-11-amazon-corretto -y\n\n# install docker\nsudo yum search docker -y\nsudo yum info docker -y\nsudo yum install docker -y\nsudo usermod -a -G docker ec2-user\nid ec2-user\nnewgrp docker\n\n# install docker-compose\nwget https://github.com/docker/compose/releases/latest/download/docker-compose-$(uname -s)-$(uname -m) \nsudo mv docker-compose-$(uname -s)-$(uname -m) /usr/local/bin/docker-compose\nsudo chmod -v +x /usr/local/bin/docker-compose\n\n# enable docker service\nsudo systemctl enable docker.service\nsudo systemctl start docker.service\n\n# install maven\nwget https://mirrors.estointernet.in/apache/maven/maven-3/3.6.3/binaries/apache-maven-3.6.3-bin.tar.gz\ntar -xvf apache-maven-3.6.3-bin.tar.gz\nsudo mv apache-maven-3.6.3 /opt/\nM2_HOME='/opt/apache-maven-3.6.3'\nPATH=\"$M2_HOME/bin:$PATH\"\nexport PATH\nsource .bashrc\n\n# install kubectl\ncurl -O https://s3.us-west-2.amazonaws.com/amazon-eks/1.29.0/2024-01-04/bin/linux/amd64/kubectl\ncurl -O https://s3.us-west-2.amazonaws.com/amazon-eks/1.29.0/2024-01-04/bin/linux/amd64/kubectl.sha256\nsha256sum -c kubectl.sha256\nchmod +x ./kubectl\nmkdir -p $HOME/bin \u0026\u0026 cp ./kubectl $HOME/bin/kubectl \u0026\u0026 export PATH=$HOME/bin:$PATH\necho 'export PATH=$HOME/bin:$PATH' \u003e\u003e ~/.bashrc\n\n# install ansible\nsudo yum install python -y\nsudo yum install python-pip -y\nsudo pip install ansible\n\n# install jenkins\nsudo wget -O /etc/yum.repos.d/jenkins.repo https://pkg.jenkins.io/redhat-stable/jenkins.repo\nsudo rpm --import https://pkg.jenkins.io/redhat-stable/jenkins.io-2023.key\nsudo yum upgrade -y\n\nsudo yum install jenkins -y\nsudo systemctl enable jenkins\nsudo systemctl start jenkins\n\n\n",
            "template": "#!/bin/bash \nsudo yum update -y\n\n# install git\nsudo yum install git -y\n\n# install java 11 corretto\nsudo dnf install java-11-amazon-corretto -y\n\n# install docker\nsudo yum search docker -y\nsudo yum info docker -y\nsudo yum install docker -y\nsudo usermod -a -G docker ec2-user\nid ec2-user\nnewgrp docker\n\n# install docker-compose\nwget https://github.com/docker/compose/releases/latest/download/docker-compose-$(uname -s)-$(uname -m) \nsudo mv docker-compose-$(uname -s)-$(uname -m) /usr/local/bin/docker-compose\nsudo chmod -v +x /usr/local/bin/docker-compose\n\n# enable docker service\nsudo systemctl enable docker.service\nsudo systemctl start docker.service\n\n# install maven\nwget https://mirrors.estointernet.in/apache/maven/maven-3/3.6.3/binaries/apache-maven-3.6.3-bin.tar.gz\ntar -xvf apache-maven-3.6.3-bin.tar.gz\nsudo mv apache-maven-3.6.3 /opt/\nM2_HOME='/opt/apache-maven-3.6.3'\nPATH=\"$M2_HOME/bin:$PATH\"\nexport PATH\nsource .bashrc\n\n# install kubectl\ncurl -O https://s3.us-west-2.amazonaws.com/amazon-eks/1.29.0/2024-01-04/bin/linux/amd64/kubectl\ncurl -O https://s3.us-west-2.amazonaws.com/amazon-eks/1.29.0/2024-01-04/bin/linux/amd64/kubectl.sha256\nsha256sum -c kubectl.sha256\nchmod +x ./kubectl\nmkdir -p $HOME/bin \u0026\u0026 cp ./kubectl $HOME/bin/kubectl \u0026\u0026 export PATH=$HOME/bin:$PATH\necho 'export PATH=$HOME/bin:$PATH' \u003e\u003e ~/.bashrc\n\n# install ansible\nsudo yum install python -y\nsudo yum install python-pip -y\nsudo pip install ansible\n\n# install jenkins\nsudo wget -O /etc/yum.repos.d/jenkins.repo https://pkg.jenkins.io/redhat-stable/jenkins.repo\nsudo rpm --import https://pkg.jenkins.io/redhat-stable/jenkins.io-2023.key\nsudo yum upgrade -y\n\nsudo yum install jenkins -y\nsudo systemctl enable jenkins\nsudo systemctl start jenkins\n\n\n",
            "vars": null
          },
          "sensitive_attributes": []
        }
      ]
    },
    {
      "mode": "managed",
      "type": "aws_iam_instance_profile",
      "name": "s3_jenkins_profile",
      "provider": "provider[\"registry.terraform.io/hashicorp/aws\"]",
      "instances": [
        {
          "schema_version": 0,
          "attributes": {
            "arn": "arn:aws:iam::361583567558:instance-profile/s3-jenkins-profile",
            "create_date": "2024-04-02T03:37:21Z",
            "id": "s3-jenkins-profile",
            "name": "s3-jenkins-profile",
            "name_prefix": "",
            "path": "/",
            "role": "s3-jenkins-role",
            "tags": null,
            "tags_all": {},
            "unique_id": "AIPAVIMAPMLDG7PRKD27P"
          },
          "sensitive_attributes": [],
          "private": "bnVsbA==",
          "dependencies": [
            "aws_iam_role.s3_jenkins_role"
          ]
        }
      ]
    },
    {
      "mode": "managed",
      "type": "aws_iam_policy",
      "name": "s3_jenkins_policy",
      "provider": "provider[\"registry.terraform.io/hashicorp/aws\"]",
      "instances": [
        {
          "schema_version": 0,
          "attributes": {
            "arn": "arn:aws:iam::361583567558:policy/s3-jenkins-rw-policy",
            "description": "",
            "id": "arn:aws:iam::361583567558:policy/s3-jenkins-rw-policy",
            "name": "s3-jenkins-rw-policy",
            "name_prefix": "",
            "path": "/",
            "policy": "{\"Statement\":[{\"Action\":[\"s3:GetObject\",\"s3:PutObject\",\"s3:ListBucket\"],\"Effect\":\"Allow\",\"Resource\":[\"arn:aws:s3:::jenkins-s3-artificats-0626739\",\"arn:aws:s3:::jenkins-s3-artificats-0626739/*\"],\"Sid\":\"S3ReadWriteAccess\"}],\"Version\":\"2012-10-17\"}",
            "policy_id": "ANPAVIMAPMLDI7JZTQ7XF",
            "tags": null,
            "tags_all": {}
          },
          "sensitive_attributes": [],
          "private": "bnVsbA=="
        }
      ]
    },
    {
      "mode": "managed",
      "type": "aws_iam_role",
      "name": "s3_jenkins_role",
      "provider": "provider[\"registry.terraform.io/hashicorp/aws\"]",
      "instances": [
        {
          "schema_version": 0,
          "attributes": {
            "arn": "arn:aws:iam::361583567558:role/s3-jenkins-role",
            "assume_role_policy": "{\"Statement\":[{\"Action\":\"sts:AssumeRole\",\"Effect\":\"Allow\",\"Principal\":{\"Service\":\"ec2.amazonaws.com\"}}],\"Version\":\"2012-10-17\"}",
            "create_date": "2024-04-02T03:37:20Z",
            "description": "",
            "force_detach_policies": false,
            "id": "s3-jenkins-role",
            "inline_policy": [],
            "managed_policy_arns": [],
            "max_session_duration": 3600,
            "name": "s3-jenkins-role",
            "name_prefix": "",
            "path": "/",
            "permissions_boundary": "",
            "tags": null,
            "tags_all": {},
            "unique_id": "AROAVIMAPMLDLM4IC3UR3"
          },
          "sensitive_attributes": [],
          "private": "bnVsbA=="
        }
      ]
    },
    {
      "mode": "managed",
      "type": "aws_iam_role_policy_attachment",
      "name": "s3_jenkins_access",
      "provider": "provider[\"registry.terraform.io/hashicorp/aws\"]",
      "instances": [
        {
          "schema_version": 0,
          "attributes": {
            "id": "s3-jenkins-role-20240402033721087700000001",
            "policy_arn": "arn:aws:iam::361583567558:policy/s3-jenkins-rw-policy",
            "role": "s3-jenkins-role"
          },
          "sensitive_attributes": [],
          "private": "bnVsbA==",
          "dependencies": [
            "aws_iam_policy.s3_jenkins_policy",
            "aws_iam_role.s3_jenkins_role"
          ]
        }
      ]
    },
    {
      "mode": "managed",
      "type": "aws_instance",
      "name": "jenkins_instance",
      "provider": "provider[\"registry.terraform.io/hashicorp/aws\"]",
      "instances": [
        {
          "schema_version": 1,
          "attributes": {
            "ami": "ami-0c101f26f147fa7fd",
            "arn": "arn:aws:ec2:us-east-1:361583567558:instance/i-0ea8882d67d5d817a",
            "associate_public_ip_address": true,
            "availability_zone": "us-east-1c",
            "capacity_reservation_specification": [
              {
                "capacity_reservation_preference": "open",
                "capacity_reservation_target": []
              }
            ],
            "cpu_core_count": 1,
            "cpu_options": [
              {
                "amd_sev_snp": "",
                "core_count": 1,
                "threads_per_core": 1
              }
            ],
            "cpu_threads_per_core": 1,
            "credit_specification": [
              {
                "cpu_credits": "standard"
              }
            ],
            "disable_api_stop": false,
            "disable_api_termination": false,
            "ebs_block_device": [],
            "ebs_optimized": false,
            "enclave_options": [
              {
                "enabled": false
              }
            ],
            "ephemeral_block_device": [],
            "get_password_data": false,
            "hibernation": false,
            "host_id": "",
            "host_resource_group_arn": null,
            "iam_instance_profile": "",
            "id": "i-0ea8882d67d5d817a",
            "instance_initiated_shutdown_behavior": "stop",
            "instance_lifecycle": "",
            "instance_market_options": [],
            "instance_state": "running",
            "instance_type": "t2.micro",
            "ipv6_address_count": 0,
            "ipv6_addresses": [],
            "key_name": "jenkins-kp",
            "launch_template": [],
            "maintenance_options": [
              {
                "auto_recovery": "default"
              }
            ],
            "metadata_options": [
              {
                "http_endpoint": "enabled",
                "http_protocol_ipv6": "disabled",
                "http_put_response_hop_limit": 2,
                "http_tokens": "required",
                "instance_metadata_tags": "disabled"
              }
            ],
            "monitoring": false,
            "network_interface": [],
            "outpost_arn": "",
            "password_data": "",
            "placement_group": "",
            "placement_partition_number": 0,
            "primary_network_interface_id": "eni-0fb7dfb279a5a66bf",
            "private_dns": "ip-172-31-83-139.ec2.internal",
            "private_dns_name_options": [
              {
                "enable_resource_name_dns_a_record": false,
                "enable_resource_name_dns_aaaa_record": false,
                "hostname_type": "ip-name"
              }
            ],
            "private_ip": "172.31.83.139",
            "public_dns": "ec2-34-207-164-51.compute-1.amazonaws.com",
            "public_ip": "34.207.164.51",
            "root_block_device": [
              {
                "delete_on_termination": true,
                "device_name": "/dev/xvda",
                "encrypted": false,
                "iops": 3000,
                "kms_key_id": "",
                "tags": {},
                "tags_all": {},
                "throughput": 125,
                "volume_id": "vol-0c9f760d26663ff45",
                "volume_size": 8,
                "volume_type": "gp3"
              }
            ],
            "secondary_private_ips": [],
            "security_groups": [
              "jenkins-sg"
            ],
            "source_dest_check": true,
            "spot_instance_request_id": "",
            "subnet_id": "subnet-0a8c2ecef871c1715",
            "tags": {
              "Name": "devops-instance"
            },
            "tags_all": {
              "Name": "devops-instance"
            },
            "tenancy": "default",
            "timeouts": null,
            "user_data": "ecdbaf4c70b418cce9d36836e84aff6b0e94ec13",
            "user_data_base64": null,
            "user_data_replace_on_change": false,
            "volume_tags": null,
            "vpc_security_group_ids": [
              "sg-075506ae63c33243e"
            ]
          },
          "sensitive_attributes": [],
          "private": "eyJlMmJmYjczMC1lY2FhLTExZTYtOGY4OC0zNDM2M2JjN2M0YzAiOnsiY3JlYXRlIjo2MDAwMDAwMDAwMDAsImRlbGV0ZSI6MTIwMDAwMDAwMDAwMCwicmVhZCI6OTAwMDAwMDAwMDAwLCJ1cGRhdGUiOjYwMDAwMDAwMDAwMH0sInNjaGVtYV92ZXJzaW9uIjoiMSJ9",
          "dependencies": [
            "aws_security_group.jenkins_sg",
            "data.template_file.install_script"
          ]
        }
      ]
    },
    {
      "mode": "managed",
      "type": "aws_s3_bucket",
      "name": "jenkins_s3_bucket_artifacts",
      "provider": "provider[\"registry.terraform.io/hashicorp/aws\"]",
      "instances": [
        {
          "schema_version": 0,
          "attributes": {
            "acceleration_status": "",
            "acl": null,
            "arn": "arn:aws:s3:::jenkins-s3-artificats-0626739",
            "bucket": "jenkins-s3-artificats-0626739",
            "bucket_domain_name": "jenkins-s3-artificats-0626739.s3.amazonaws.com",
            "bucket_prefix": "",
            "bucket_regional_domain_name": "jenkins-s3-artificats-0626739.s3.us-east-1.amazonaws.com",
            "cors_rule": [],
            "force_destroy": false,
            "grant": [
              {
                "id": "9d4b8b05c3611235790dd7a3139c19a329b264b6fd006468acffd1939a495269",
                "permissions": [
                  "FULL_CONTROL"
                ],
                "type": "CanonicalUser",
                "uri": ""
              }
            ],
            "hosted_zone_id": "Z3AQBSTGFYJSTF",
            "id": "jenkins-s3-artificats-0626739",
            "lifecycle_rule": [],
            "logging": [],
            "object_lock_configuration": [],
            "object_lock_enabled": false,
            "policy": "",
            "region": "us-east-1",
            "replication_configuration": [],
            "request_payer": "BucketOwner",
            "server_side_encryption_configuration": [
              {
                "rule": [
                  {
                    "apply_server_side_encryption_by_default": [
                      {
                        "kms_master_key_id": "",
                        "sse_algorithm": "AES256"
                      }
                    ],
                    "bucket_key_enabled": false
                  }
                ]
              }
            ],
            "tags": {
              "Name": "jenkins-s3-bucket"
            },
            "tags_all": {
              "Name": "jenkins-s3-bucket"
            },
            "timeouts": null,
            "versioning": [
              {
                "enabled": false,
                "mfa_delete": false
              }
            ],
            "website": [],
            "website_domain": null,
            "website_endpoint": null
          },
          "sensitive_attributes": [],
          "private": "eyJlMmJmYjczMC1lY2FhLTExZTYtOGY4OC0zNDM2M2JjN2M0YzAiOnsiY3JlYXRlIjoxMjAwMDAwMDAwMDAwLCJkZWxldGUiOjM2MDAwMDAwMDAwMDAsInJlYWQiOjEyMDAwMDAwMDAwMDAsInVwZGF0ZSI6MTIwMDAwMDAwMDAwMH19"
        }
      ]
    },
    {
      "mode": "managed",
      "type": "aws_s3_bucket_acl",
      "name": "jenkins_s3_bucket_artifacts_acl",
      "provider": "provider[\"registry.terraform.io/hashicorp/aws\"]",
      "instances": [
        {
          "schema_version": 0,
          "attributes": {
            "access_control_policy": [
              {
                "grant": [
                  {
                    "grantee": [
                      {
                        "display_name": "sprintgether",
                        "email_address": "",
                        "id": "9d4b8b05c3611235790dd7a3139c19a329b264b6fd006468acffd1939a495269",
                        "type": "CanonicalUser",
                        "uri": ""
                      }
                    ],
                    "permission": "FULL_CONTROL"
                  }
                ],
                "owner": [
                  {
                    "display_name": "sprintgether",
                    "id": "9d4b8b05c3611235790dd7a3139c19a329b264b6fd006468acffd1939a495269"
                  }
                ]
              }
            ],
            "acl": "private",
            "bucket": "jenkins-s3-artificats-0626739",
            "expected_bucket_owner": "",
            "id": "jenkins-s3-artificats-0626739,private"
          },
          "sensitive_attributes": [],
          "private": "bnVsbA==",
          "dependencies": [
            "aws_s3_bucket.jenkins_s3_bucket_artifacts",
            "aws_s3_bucket_ownership_controls.jenkins_s3_bucket_artifacts_acl_ownership"
          ]
        }
      ]
    },
    {
      "mode": "managed",
      "type": "aws_s3_bucket_ownership_controls",
      "name": "jenkins_s3_bucket_artifacts_acl_ownership",
      "provider": "provider[\"registry.terraform.io/hashicorp/aws\"]",
      "instances": [
        {
          "schema_version": 0,
          "attributes": {
            "bucket": "jenkins-s3-artificats-0626739",
            "id": "jenkins-s3-artificats-0626739",
            "rule": [
              {
                "object_ownership": "ObjectWriter"
              }
            ]
          },
          "sensitive_attributes": [],
          "private": "bnVsbA==",
          "dependencies": [
            "aws_s3_bucket.jenkins_s3_bucket_artifacts"
          ]
        }
      ]
    },
    {
      "mode": "managed",
      "type": "aws_security_group",
      "name": "jenkins_sg",
      "provider": "provider[\"registry.terraform.io/hashicorp/aws\"]",
      "instances": [
        {
          "schema_version": 1,
          "attributes": {
            "arn": "arn:aws:ec2:us-east-1:361583567558:security-group/sg-075506ae63c33243e",
            "description": "Security group for bastion server",
            "egress": [
              {
                "cidr_blocks": [
                  "0.0.0.0/0"
                ],
                "description": "",
                "from_port": 0,
                "ipv6_cidr_blocks": [],
                "prefix_list_ids": [],
                "protocol": "-1",
                "security_groups": [],
                "self": false,
                "to_port": 0
              }
            ],
            "id": "sg-075506ae63c33243e",
            "ingress": [
              {
                "cidr_blocks": [
                  "0.0.0.0/0"
                ],
                "description": "",
                "from_port": 22,
                "ipv6_cidr_blocks": [],
                "prefix_list_ids": [],
                "protocol": "tcp",
                "security_groups": [],
                "self": false,
                "to_port": 22
              },
              {
                "cidr_blocks": [
                  "0.0.0.0/0"
                ],
                "description": "",
                "from_port": 443,
                "ipv6_cidr_blocks": [],
                "prefix_list_ids": [],
                "protocol": "tcp",
                "security_groups": [],
                "self": false,
                "to_port": 443
              },
              {
                "cidr_blocks": [
                  "0.0.0.0/0"
                ],
                "description": "",
                "from_port": 8080,
                "ipv6_cidr_blocks": [],
                "prefix_list_ids": [],
                "protocol": "tcp",
                "security_groups": [],
                "self": false,
                "to_port": 8080
              },
              {
                "cidr_blocks": [
                  "0.0.0.0/0"
                ],
                "description": "",
                "from_port": 80,
                "ipv6_cidr_blocks": [],
                "prefix_list_ids": [],
                "protocol": "tcp",
                "security_groups": [],
                "self": false,
                "to_port": 80
              }
            ],
            "name": "jenkins-sg",
            "name_prefix": "",
            "owner_id": "361583567558",
            "revoke_rules_on_delete": false,
            "tags": null,
            "tags_all": {},
            "timeouts": null,
            "vpc_id": "vpc-01f2fb17ece013ebf"
          },
          "sensitive_attributes": [],
          "private": "eyJlMmJmYjczMC1lY2FhLTExZTYtOGY4OC0zNDM2M2JjN2M0YzAiOnsiY3JlYXRlIjo2MDAwMDAwMDAwMDAsImRlbGV0ZSI6OTAwMDAwMDAwMDAwfSwic2NoZW1hX3ZlcnNpb24iOiIxIn0="
        }
      ]
    }
  ],
  "check_results": null
}
